// !$*UTF8*$!
{
	archiveVersion = 1;
	classes = {
	};
	objectVersion = 46;
	objects = {

/* Begin PBXBuildFile section */
		B820E9051DAC6E2200135C8A /* EASImage.mm in Sources */ = {isa = PBXBuildFile; fileRef = B820E9041DAC6E2200135C8A /* EASImage.mm */; };
		B827FE8F1DB1B27F007F2469 /* EASImageFlow.mm in Sources */ = {isa = PBXBuildFile; fileRef = B827FE8E1DB1B27F007F2469 /* EASImageFlow.mm */; };
		B827FE931DB1B74B007F2469 /* EASBoardViewController.xib in Resources */ = {isa = PBXBuildFile; fileRef = B827FE921DB1B74B007F2469 /* EASBoardViewController.xib */; };
		B827FE941DB1B74B007F2469 /* EASBoardViewController.xib in Resources */ = {isa = PBXBuildFile; fileRef = B827FE921DB1B74B007F2469 /* EASBoardViewController.xib */; };
		B827FE951DB1B74B007F2469 /* EASBoardViewController.xib in Resources */ = {isa = PBXBuildFile; fileRef = B827FE921DB1B74B007F2469 /* EASBoardViewController.xib */; };
		B827FE981DB1BDFE007F2469 /* EASBoardViewController.m in Sources */ = {isa = PBXBuildFile; fileRef = B827FE971DB1BDFE007F2469 /* EASBoardViewController.m */; };
		B827FE9A1DB1BDFE007F2469 /* EASBoardViewController.m in Sources */ = {isa = PBXBuildFile; fileRef = B827FE971DB1BDFE007F2469 /* EASBoardViewController.m */; };
		B827FE9E1DB1BF48007F2469 /* EASScreenViewController.m in Sources */ = {isa = PBXBuildFile; fileRef = B827FE9C1DB1BF48007F2469 /* EASScreenViewController.m */; };
		B827FEA01DB1BF48007F2469 /* EASScreenViewController.m in Sources */ = {isa = PBXBuildFile; fileRef = B827FE9C1DB1BF48007F2469 /* EASScreenViewController.m */; };
		B827FEA11DB1BF48007F2469 /* EASScreenViewController.xib in Resources */ = {isa = PBXBuildFile; fileRef = B827FE9D1DB1BF48007F2469 /* EASScreenViewController.xib */; };
		B827FEA21DB1BF48007F2469 /* EASScreenViewController.xib in Resources */ = {isa = PBXBuildFile; fileRef = B827FE9D1DB1BF48007F2469 /* EASScreenViewController.xib */; };
		B827FEA31DB1BF48007F2469 /* EASScreenViewController.xib in Resources */ = {isa = PBXBuildFile; fileRef = B827FE9D1DB1BF48007F2469 /* EASScreenViewController.xib */; };
		B827FEA61DB1BF98007F2469 /* EASScreenView.m in Sources */ = {isa = PBXBuildFile; fileRef = B827FEA51DB1BF98007F2469 /* EASScreenView.m */; };
		B827FEA81DB1BF98007F2469 /* EASScreenView.m in Sources */ = {isa = PBXBuildFile; fileRef = B827FEA51DB1BF98007F2469 /* EASScreenView.m */; };
		B85A95941DFCC06E00E0F6BE /* EASDebugViewController.m in Sources */ = {isa = PBXBuildFile; fileRef = B85A95921DFCC06E00E0F6BE /* EASDebugViewController.m */; };
		B85A95951DFCC06E00E0F6BE /* EASDebugViewController.xib in Resources */ = {isa = PBXBuildFile; fileRef = B85A95931DFCC06E00E0F6BE /* EASDebugViewController.xib */; };
		B85A959C1DFCCB6800E0F6BE /* BlurImageFilter.cpp in Sources */ = {isa = PBXBuildFile; fileRef = B85A959A1DFCCB6800E0F6BE /* BlurImageFilter.cpp */; };
		B85A959D1DFCCB6800E0F6BE /* BlurImageFilter.cpp in Sources */ = {isa = PBXBuildFile; fileRef = B85A959A1DFCCB6800E0F6BE /* BlurImageFilter.cpp */; };
		B8643B301D920D0B00B93D84 /* SobelEdgeDetector.cpp in Sources */ = {isa = PBXBuildFile; fileRef = B8643B2E1D920D0B00B93D84 /* SobelEdgeDetector.cpp */; };
		B872DD8F1DB06C2D008E08D8 /* KDTree.hpp in Sources */ = {isa = PBXBuildFile; fileRef = B8766BDF1D79FA7400A4ED34 /* KDTree.hpp */; };
		B872DD901DB06C30008E08D8 /* KDPoint.hpp in Sources */ = {isa = PBXBuildFile; fileRef = B8766BE21D79FB8600A4ED34 /* KDPoint.hpp */; };
		B8766BA61D79DC9100A4ED34 /* main.m in Sources */ = {isa = PBXBuildFile; fileRef = B8766BA51D79DC9100A4ED34 /* main.m */; };
		B8766BA91D79DC9100A4ED34 /* AppDelegate.m in Sources */ = {isa = PBXBuildFile; fileRef = B8766BA81D79DC9100A4ED34 /* AppDelegate.m */; };
		B8766BAF1D79DC9100A4ED34 /* Main.storyboard in Resources */ = {isa = PBXBuildFile; fileRef = B8766BAD1D79DC9100A4ED34 /* Main.storyboard */; };
		B8766BB11D79DC9100A4ED34 /* Assets.xcassets in Resources */ = {isa = PBXBuildFile; fileRef = B8766BB01D79DC9100A4ED34 /* Assets.xcassets */; };
		B8766BB41D79DC9100A4ED34 /* LaunchScreen.storyboard in Resources */ = {isa = PBXBuildFile; fileRef = B8766BB21D79DC9100A4ED34 /* LaunchScreen.storyboard */; };
		B8766BBF1D79DC9100A4ED34 /* iEASTests.m in Sources */ = {isa = PBXBuildFile; fileRef = B8766BBE1D79DC9100A4ED34 /* iEASTests.m */; };
		B8766BCA1D79DC9100A4ED34 /* iEASUITests.m in Sources */ = {isa = PBXBuildFile; fileRef = B8766BC91D79DC9100A4ED34 /* iEASUITests.m */; };
		B8766BDA1D79DE7600A4ED34 /* EtchASketch.cpp in Sources */ = {isa = PBXBuildFile; fileRef = B8766BD81D79DE7600A4ED34 /* EtchASketch.cpp */; };
		B8766BDD1D79EE4600A4ED34 /* EASUtils.cpp in Sources */ = {isa = PBXBuildFile; fileRef = B8766BDB1D79EE4600A4ED34 /* EASUtils.cpp */; };
		B8766C091D79FF4300A4ED34 /* EtchASketchTests.mm in Sources */ = {isa = PBXBuildFile; fileRef = B8766C081D79FF4300A4ED34 /* EtchASketchTests.mm */; };
		B87943C41D91AA870035B729 /* Image.cpp in Sources */ = {isa = PBXBuildFile; fileRef = B87943C21D91AA870035B729 /* Image.cpp */; };
		B87943CA1D91ADF30035B729 /* ImageFlow.cpp in Sources */ = {isa = PBXBuildFile; fileRef = B87943C81D91ADF30035B729 /* ImageFlow.cpp */; };
		B87943CE1D91B0F30035B729 /* Salesman.cpp in Sources */ = {isa = PBXBuildFile; fileRef = B87943CC1D91B0F30035B729 /* Salesman.cpp */; };
		B8A313981DFE420600AD6B54 /* SmallishSpanningTreeWalkSalesman.cpp in Sources */ = {isa = PBXBuildFile; fileRef = B8A313961DFE420600AD6B54 /* SmallishSpanningTreeWalkSalesman.cpp */; };
		B8B211651DAC895A009814B8 /* KDTreeTests.mm in Sources */ = {isa = PBXBuildFile; fileRef = B8B211641DAC895A009814B8 /* KDTreeTests.mm */; };
		B8D38E291DC46F89001B9AE3 /* libEtchASketch.a in Frameworks */ = {isa = PBXBuildFile; fileRef = B8766B921D79DC3E00A4ED34 /* libEtchASketch.a */; };
		B8D38E2A1DC47034001B9AE3 /* libEtchASketch.a in Frameworks */ = {isa = PBXBuildFile; fileRef = B8766B921D79DC3E00A4ED34 /* libEtchASketch.a */; };
		B8FA80381DB31D0000123AB6 /* EASImage.mm in Sources */ = {isa = PBXBuildFile; fileRef = B820E9041DAC6E2200135C8A /* EASImage.mm */; };
		B8FA803A1DB31D0400123AB6 /* EASImageFlow.mm in Sources */ = {isa = PBXBuildFile; fileRef = B827FE8E1DB1B27F007F2469 /* EASImageFlow.mm */; };
		B8FA803B1DB31E2500123AB6 /* EASUtils.cpp in Sources */ = {isa = PBXBuildFile; fileRef = B8766BDB1D79EE4600A4ED34 /* EASUtils.cpp */; };
		B8FA803E1DB31E3200123AB6 /* SobelEdgeDetector.cpp in Sources */ = {isa = PBXBuildFile; fileRef = B8643B2E1D920D0B00B93D84 /* SobelEdgeDetector.cpp */; };
		B8FA803F1DB31E3800123AB6 /* EtchASketch.cpp in Sources */ = {isa = PBXBuildFile; fileRef = B8766BD81D79DE7600A4ED34 /* EtchASketch.cpp */; };
		B8FA80421DB31E3F00123AB6 /* Image.cpp in Sources */ = {isa = PBXBuildFile; fileRef = B87943C21D91AA870035B729 /* Image.cpp */; };
		B8FA80441DB31E4400123AB6 /* ImageFlow.cpp in Sources */ = {isa = PBXBuildFile; fileRef = B87943C81D91ADF30035B729 /* ImageFlow.cpp */; };
		B8FA80461DB31E4B00123AB6 /* KDTree.hpp in Sources */ = {isa = PBXBuildFile; fileRef = B8766BDF1D79FA7400A4ED34 /* KDTree.hpp */; };
		B8FA80481DB31E5000123AB6 /* KDPoint.hpp in Sources */ = {isa = PBXBuildFile; fileRef = B8766BE21D79FB8600A4ED34 /* KDPoint.hpp */; };
		B8FA804A1DB31E5500123AB6 /* Salesman.cpp in Sources */ = {isa = PBXBuildFile; fileRef = B87943CC1D91B0F30035B729 /* Salesman.cpp */; };
/* End PBXBuildFile section */

/* Begin PBXContainerItemProxy section */
		B8766BBB1D79DC9100A4ED34 /* PBXContainerItemProxy */ = {
			isa = PBXContainerItemProxy;
			containerPortal = B8766B8A1D79DC3E00A4ED34 /* Project object */;
			proxyType = 1;
			remoteGlobalIDString = B8766BA11D79DC9100A4ED34;
			remoteInfo = iEAS;
		};
		B8766BC61D79DC9100A4ED34 /* PBXContainerItemProxy */ = {
			isa = PBXContainerItemProxy;
			containerPortal = B8766B8A1D79DC3E00A4ED34 /* Project object */;
			proxyType = 1;
			remoteGlobalIDString = B8766BA11D79DC9100A4ED34;
			remoteInfo = iEAS;
		};
		B8FA804B1DB3223F00123AB6 /* PBXContainerItemProxy */ = {
			isa = PBXContainerItemProxy;
			containerPortal = B8766B8A1D79DC3E00A4ED34 /* Project object */;
			proxyType = 1;
			remoteGlobalIDString = B8766B911D79DC3E00A4ED34;
			remoteInfo = EtchASketch;
		};
		B8FA804D1DB3229100123AB6 /* PBXContainerItemProxy */ = {
			isa = PBXContainerItemProxy;
			containerPortal = B8766B8A1D79DC3E00A4ED34 /* Project object */;
			proxyType = 1;
			remoteGlobalIDString = B8766B911D79DC3E00A4ED34;
			remoteInfo = EtchASketch;
		};
/* End PBXContainerItemProxy section */

/* Begin PBXCopyFilesBuildPhase section */
		B8766B901D79DC3E00A4ED34 /* CopyFiles */ = {
			isa = PBXCopyFilesBuildPhase;
			buildActionMask = 2147483647;
			dstPath = "include/$(PRODUCT_NAME)";
			dstSubfolderSpec = 16;
			files = (
			);
			runOnlyForDeploymentPostprocessing = 0;
		};
/* End PBXCopyFilesBuildPhase section */

/* Begin PBXFileReference section */
		B820E9031DAC6E2200135C8A /* EASImage.h */ = {isa = PBXFileReference; fileEncoding = 4; lastKnownFileType = sourcecode.c.h; path = EASImage.h; sourceTree = "<group>"; };
		B820E9041DAC6E2200135C8A /* EASImage.mm */ = {isa = PBXFileReference; fileEncoding = 4; lastKnownFileType = sourcecode.cpp.objcpp; path = EASImage.mm; sourceTree = "<group>"; };
		B820E9181DAC75C800135C8A /* libc++.tbd */ = {isa = PBXFileReference; lastKnownFileType = "sourcecode.text-based-dylib-definition"; name = "libc++.tbd"; path = "usr/lib/libc++.tbd"; sourceTree = SDKROOT; };
		B827FE8C1DB18A98007F2469 /* EASUtils+Private.hpp */ = {isa = PBXFileReference; lastKnownFileType = sourcecode.cpp.h; path = "EASUtils+Private.hpp"; sourceTree = "<group>"; };
		B827FE8D1DB1B27F007F2469 /* EASImageFlow.h */ = {isa = PBXFileReference; fileEncoding = 4; lastKnownFileType = sourcecode.c.h; name = EASImageFlow.h; path = EtchASketchWrapper/EASImageFlow.h; sourceTree = "<group>"; };
		B827FE8E1DB1B27F007F2469 /* EASImageFlow.mm */ = {isa = PBXFileReference; fileEncoding = 4; lastKnownFileType = sourcecode.cpp.objcpp; name = EASImageFlow.mm; path = EtchASketchWrapper/EASImageFlow.mm; sourceTree = "<group>"; };
		B827FE921DB1B74B007F2469 /* EASBoardViewController.xib */ = {isa = PBXFileReference; fileEncoding = 4; lastKnownFileType = file.xib; path = EASBoardViewController.xib; sourceTree = "<group>"; };
		B827FE961DB1BDFE007F2469 /* EASBoardViewController.h */ = {isa = PBXFileReference; fileEncoding = 4; lastKnownFileType = sourcecode.c.h; path = EASBoardViewController.h; sourceTree = "<group>"; };
		B827FE971DB1BDFE007F2469 /* EASBoardViewController.m */ = {isa = PBXFileReference; fileEncoding = 4; lastKnownFileType = sourcecode.c.objc; path = EASBoardViewController.m; sourceTree = "<group>"; };
		B827FE9B1DB1BF48007F2469 /* EASScreenViewController.h */ = {isa = PBXFileReference; fileEncoding = 4; lastKnownFileType = sourcecode.c.h; path = EASScreenViewController.h; sourceTree = "<group>"; };
		B827FE9C1DB1BF48007F2469 /* EASScreenViewController.m */ = {isa = PBXFileReference; fileEncoding = 4; lastKnownFileType = sourcecode.c.objc; path = EASScreenViewController.m; sourceTree = "<group>"; };
		B827FE9D1DB1BF48007F2469 /* EASScreenViewController.xib */ = {isa = PBXFileReference; fileEncoding = 4; lastKnownFileType = file.xib; path = EASScreenViewController.xib; sourceTree = "<group>"; };
		B827FEA41DB1BF98007F2469 /* EASScreenView.h */ = {isa = PBXFileReference; fileEncoding = 4; lastKnownFileType = sourcecode.c.h; path = EASScreenView.h; sourceTree = "<group>"; };
		B827FEA51DB1BF98007F2469 /* EASScreenView.m */ = {isa = PBXFileReference; fileEncoding = 4; lastKnownFileType = sourcecode.c.objc; path = EASScreenView.m; sourceTree = "<group>"; };
		B85A95911DFCC06E00E0F6BE /* EASDebugViewController.h */ = {isa = PBXFileReference; fileEncoding = 4; lastKnownFileType = sourcecode.c.h; path = EASDebugViewController.h; sourceTree = "<group>"; };
		B85A95921DFCC06E00E0F6BE /* EASDebugViewController.m */ = {isa = PBXFileReference; fileEncoding = 4; lastKnownFileType = sourcecode.c.objc; path = EASDebugViewController.m; sourceTree = "<group>"; };
		B85A95931DFCC06E00E0F6BE /* EASDebugViewController.xib */ = {isa = PBXFileReference; fileEncoding = 4; lastKnownFileType = file.xib; path = EASDebugViewController.xib; sourceTree = "<group>"; };
		B85A95971DFCC9E300E0F6BE /* ImageFilter.hpp */ = {isa = PBXFileReference; fileEncoding = 4; lastKnownFileType = sourcecode.cpp.h; name = ImageFilter.hpp; path = edgedetect/ImageFilter.hpp; sourceTree = "<group>"; };
		B85A959A1DFCCB6800E0F6BE /* BlurImageFilter.cpp */ = {isa = PBXFileReference; fileEncoding = 4; lastKnownFileType = sourcecode.cpp.cpp; name = BlurImageFilter.cpp; path = edgedetect/BlurImageFilter.cpp; sourceTree = "<group>"; };
		B85A959B1DFCCB6800E0F6BE /* BlurImageFilter.hpp */ = {isa = PBXFileReference; fileEncoding = 4; lastKnownFileType = sourcecode.cpp.h; name = BlurImageFilter.hpp; path = edgedetect/BlurImageFilter.hpp; sourceTree = "<group>"; };
		B8643B2E1D920D0B00B93D84 /* SobelEdgeDetector.cpp */ = {isa = PBXFileReference; fileEncoding = 4; lastKnownFileType = sourcecode.cpp.cpp; name = SobelEdgeDetector.cpp; path = edgedetect/SobelEdgeDetector.cpp; sourceTree = "<group>"; };
		B8643B2F1D920D0B00B93D84 /* SobelEdgeDetector.hpp */ = {isa = PBXFileReference; fileEncoding = 4; lastKnownFileType = sourcecode.cpp.h; name = SobelEdgeDetector.hpp; path = edgedetect/SobelEdgeDetector.hpp; sourceTree = "<group>"; };
		B8766B921D79DC3E00A4ED34 /* libEtchASketch.a */ = {isa = PBXFileReference; explicitFileType = archive.ar; includeInIndex = 0; path = libEtchASketch.a; sourceTree = BUILT_PRODUCTS_DIR; };
		B8766BA21D79DC9100A4ED34 /* iEAS.app */ = {isa = PBXFileReference; explicitFileType = wrapper.application; includeInIndex = 0; path = iEAS.app; sourceTree = BUILT_PRODUCTS_DIR; };
		B8766BA51D79DC9100A4ED34 /* main.m */ = {isa = PBXFileReference; lastKnownFileType = sourcecode.c.objc; path = main.m; sourceTree = "<group>"; };
		B8766BA71D79DC9100A4ED34 /* AppDelegate.h */ = {isa = PBXFileReference; lastKnownFileType = sourcecode.c.h; path = AppDelegate.h; sourceTree = "<group>"; };
		B8766BA81D79DC9100A4ED34 /* AppDelegate.m */ = {isa = PBXFileReference; lastKnownFileType = sourcecode.c.objc; path = AppDelegate.m; sourceTree = "<group>"; };
		B8766BAE1D79DC9100A4ED34 /* Base */ = {isa = PBXFileReference; lastKnownFileType = file.storyboard; name = Base; path = Base.lproj/Main.storyboard; sourceTree = "<group>"; };
		B8766BB01D79DC9100A4ED34 /* Assets.xcassets */ = {isa = PBXFileReference; lastKnownFileType = folder.assetcatalog; path = Assets.xcassets; sourceTree = "<group>"; };
		B8766BB31D79DC9100A4ED34 /* Base */ = {isa = PBXFileReference; lastKnownFileType = file.storyboard; name = Base; path = Base.lproj/LaunchScreen.storyboard; sourceTree = "<group>"; };
		B8766BB51D79DC9100A4ED34 /* Info.plist */ = {isa = PBXFileReference; lastKnownFileType = text.plist.xml; path = Info.plist; sourceTree = "<group>"; };
		B8766BBA1D79DC9100A4ED34 /* iEASTests.xctest */ = {isa = PBXFileReference; explicitFileType = wrapper.cfbundle; includeInIndex = 0; path = iEASTests.xctest; sourceTree = BUILT_PRODUCTS_DIR; };
		B8766BBE1D79DC9100A4ED34 /* iEASTests.m */ = {isa = PBXFileReference; lastKnownFileType = sourcecode.c.objc; path = iEASTests.m; sourceTree = "<group>"; };
		B8766BC01D79DC9100A4ED34 /* Info.plist */ = {isa = PBXFileReference; lastKnownFileType = text.plist.xml; path = Info.plist; sourceTree = "<group>"; };
		B8766BC51D79DC9100A4ED34 /* iEASUITests.xctest */ = {isa = PBXFileReference; explicitFileType = wrapper.cfbundle; includeInIndex = 0; path = iEASUITests.xctest; sourceTree = BUILT_PRODUCTS_DIR; };
		B8766BC91D79DC9100A4ED34 /* iEASUITests.m */ = {isa = PBXFileReference; lastKnownFileType = sourcecode.c.objc; path = iEASUITests.m; sourceTree = "<group>"; };
		B8766BCB1D79DC9100A4ED34 /* Info.plist */ = {isa = PBXFileReference; lastKnownFileType = text.plist.xml; path = Info.plist; sourceTree = "<group>"; };
		B8766BD81D79DE7600A4ED34 /* EtchASketch.cpp */ = {isa = PBXFileReference; fileEncoding = 4; lastKnownFileType = sourcecode.cpp.cpp; path = EtchASketch.cpp; sourceTree = "<group>"; };
		B8766BD91D79DE7600A4ED34 /* EtchASketch.hpp */ = {isa = PBXFileReference; fileEncoding = 4; lastKnownFileType = sourcecode.cpp.h; path = EtchASketch.hpp; sourceTree = "<group>"; };
		B8766BDB1D79EE4600A4ED34 /* EASUtils.cpp */ = {isa = PBXFileReference; fileEncoding = 4; lastKnownFileType = sourcecode.cpp.cpp; path = EASUtils.cpp; sourceTree = "<group>"; };
		B8766BDC1D79EE4600A4ED34 /* EASUtils.hpp */ = {isa = PBXFileReference; fileEncoding = 4; lastKnownFileType = sourcecode.cpp.h; path = EASUtils.hpp; sourceTree = "<group>"; };
		B8766BDE1D79FA7400A4ED34 /* KDTree.cpp */ = {isa = PBXFileReference; explicitFileType = sourcecode.cpp.h; fileEncoding = 4; path = KDTree.cpp; sourceTree = "<group>"; };
		B8766BDF1D79FA7400A4ED34 /* KDTree.hpp */ = {isa = PBXFileReference; explicitFileType = sourcecode.cpp.cpp; fileEncoding = 4; path = KDTree.hpp; sourceTree = "<group>"; };
		B8766BE11D79FB8600A4ED34 /* KDPoint.cpp */ = {isa = PBXFileReference; explicitFileType = sourcecode.cpp.h; fileEncoding = 4; path = KDPoint.cpp; sourceTree = "<group>"; };
		B8766BE21D79FB8600A4ED34 /* KDPoint.hpp */ = {isa = PBXFileReference; explicitFileType = sourcecode.cpp.cpp; fileEncoding = 4; path = KDPoint.hpp; sourceTree = "<group>"; };
		B8766C061D79FF4300A4ED34 /* EtchASketchTests.xctest */ = {isa = PBXFileReference; explicitFileType = wrapper.cfbundle; includeInIndex = 0; path = EtchASketchTests.xctest; sourceTree = BUILT_PRODUCTS_DIR; };
		B8766C081D79FF4300A4ED34 /* EtchASketchTests.mm */ = {isa = PBXFileReference; lastKnownFileType = sourcecode.cpp.objcpp; path = EtchASketchTests.mm; sourceTree = "<group>"; };
		B8766C0A1D79FF4300A4ED34 /* Info.plist */ = {isa = PBXFileReference; lastKnownFileType = text.plist.xml; path = Info.plist; sourceTree = "<group>"; };
		B87943C21D91AA870035B729 /* Image.cpp */ = {isa = PBXFileReference; fileEncoding = 4; lastKnownFileType = sourcecode.cpp.cpp; path = Image.cpp; sourceTree = "<group>"; };
		B87943C31D91AA870035B729 /* Image.hpp */ = {isa = PBXFileReference; fileEncoding = 4; lastKnownFileType = sourcecode.cpp.h; path = Image.hpp; sourceTree = "<group>"; };
		B87943C61D91AB400035B729 /* EdgeDetector.hpp */ = {isa = PBXFileReference; fileEncoding = 4; lastKnownFileType = sourcecode.cpp.h; name = EdgeDetector.hpp; path = edgedetect/EdgeDetector.hpp; sourceTree = "<group>"; };
		B87943C81D91ADF30035B729 /* ImageFlow.cpp */ = {isa = PBXFileReference; fileEncoding = 4; lastKnownFileType = sourcecode.cpp.cpp; path = ImageFlow.cpp; sourceTree = "<group>"; };
		B87943C91D91ADF30035B729 /* ImageFlow.hpp */ = {isa = PBXFileReference; fileEncoding = 4; lastKnownFileType = sourcecode.cpp.h; path = ImageFlow.hpp; sourceTree = "<group>"; };
		B87943CC1D91B0F30035B729 /* Salesman.cpp */ = {isa = PBXFileReference; fileEncoding = 4; lastKnownFileType = sourcecode.cpp.cpp; name = Salesman.cpp; path = salesman/Salesman.cpp; sourceTree = "<group>"; };
		B87943CD1D91B0F30035B729 /* Salesman.hpp */ = {isa = PBXFileReference; fileEncoding = 4; lastKnownFileType = sourcecode.cpp.h; name = Salesman.hpp; path = salesman/Salesman.hpp; sourceTree = "<group>"; };
		B8A313961DFE420600AD6B54 /* SmallishSpanningTreeWalkSalesman.cpp */ = {isa = PBXFileReference; fileEncoding = 4; lastKnownFileType = sourcecode.cpp.cpp; name = SmallishSpanningTreeWalkSalesman.cpp; path = salesman/SmallishSpanningTreeWalkSalesman.cpp; sourceTree = "<group>"; };
		B8A313971DFE420600AD6B54 /* SmallishSpanningTreeWalkSalesman.hpp */ = {isa = PBXFileReference; fileEncoding = 4; lastKnownFileType = sourcecode.cpp.h; name = SmallishSpanningTreeWalkSalesman.hpp; path = salesman/SmallishSpanningTreeWalkSalesman.hpp; sourceTree = "<group>"; };
		B8B211641DAC895A009814B8 /* KDTreeTests.mm */ = {isa = PBXFileReference; fileEncoding = 4; lastKnownFileType = sourcecode.cpp.objcpp; path = KDTreeTests.mm; sourceTree = "<group>"; };
/* End PBXFileReference section */

/* Begin PBXFrameworksBuildPhase section */
		B8766B8F1D79DC3E00A4ED34 /* Frameworks */ = {
			isa = PBXFrameworksBuildPhase;
			buildActionMask = 2147483647;
			files = (
			);
			runOnlyForDeploymentPostprocessing = 0;
		};
		B8766B9F1D79DC9100A4ED34 /* Frameworks */ = {
			isa = PBXFrameworksBuildPhase;
			buildActionMask = 2147483647;
			files = (
				B8D38E291DC46F89001B9AE3 /* libEtchASketch.a in Frameworks */,
			);
			runOnlyForDeploymentPostprocessing = 0;
		};
		B8766BB71D79DC9100A4ED34 /* Frameworks */ = {
			isa = PBXFrameworksBuildPhase;
			buildActionMask = 2147483647;
			files = (
			);
			runOnlyForDeploymentPostprocessing = 0;
		};
		B8766BC21D79DC9100A4ED34 /* Frameworks */ = {
			isa = PBXFrameworksBuildPhase;
			buildActionMask = 2147483647;
			files = (
			);
			runOnlyForDeploymentPostprocessing = 0;
		};
		B8766C031D79FF4300A4ED34 /* Frameworks */ = {
			isa = PBXFrameworksBuildPhase;
			buildActionMask = 2147483647;
			files = (
				B8D38E2A1DC47034001B9AE3 /* libEtchASketch.a in Frameworks */,
			);
			runOnlyForDeploymentPostprocessing = 0;
		};
/* End PBXFrameworksBuildPhase section */

/* Begin PBXGroup section */
		B820E9001DAC6DC700135C8A /* EtchASketchWrapper */ = {
			isa = PBXGroup;
			children = (
				B820E9031DAC6E2200135C8A /* EASImage.h */,
				B820E9041DAC6E2200135C8A /* EASImage.mm */,
				B827FE8D1DB1B27F007F2469 /* EASImageFlow.h */,
				B827FE8E1DB1B27F007F2469 /* EASImageFlow.mm */,
			);
			name = EtchASketchWrapper;
			sourceTree = "<group>";
		};
		B820E9171DAC75C800135C8A /* Frameworks */ = {
			isa = PBXGroup;
			children = (
				B820E9181DAC75C800135C8A /* libc++.tbd */,
			);
			name = Frameworks;
			sourceTree = "<group>";
		};
		B8766B891D79DC3E00A4ED34 = {
			isa = PBXGroup;
			children = (
				B8766B941D79DC3E00A4ED34 /* EtchASketch */,
				B8766BA31D79DC9100A4ED34 /* iEAS */,
				B8766BBD1D79DC9100A4ED34 /* iEASTests */,
				B8766BC81D79DC9100A4ED34 /* iEASUITests */,
				B8766C071D79FF4300A4ED34 /* EtchASketchTests */,
				B8766B931D79DC3E00A4ED34 /* Products */,
				B820E9171DAC75C800135C8A /* Frameworks */,
			);
			sourceTree = "<group>";
		};
		B8766B931D79DC3E00A4ED34 /* Products */ = {
			isa = PBXGroup;
			children = (
				B8766B921D79DC3E00A4ED34 /* libEtchASketch.a */,
				B8766BA21D79DC9100A4ED34 /* iEAS.app */,
				B8766BBA1D79DC9100A4ED34 /* iEASTests.xctest */,
				B8766BC51D79DC9100A4ED34 /* iEASUITests.xctest */,
				B8766C061D79FF4300A4ED34 /* EtchASketchTests.xctest */,
			);
			name = Products;
			sourceTree = "<group>";
		};
		B8766B941D79DC3E00A4ED34 /* EtchASketch */ = {
			isa = PBXGroup;
			children = (
				B8766BDB1D79EE4600A4ED34 /* EASUtils.cpp */,
				B8766BDC1D79EE4600A4ED34 /* EASUtils.hpp */,
				B827FE8C1DB18A98007F2469 /* EASUtils+Private.hpp */,
				B87943C11D91AA4E0035B729 /* edgedetect */,
				B8766BD81D79DE7600A4ED34 /* EtchASketch.cpp */,
				B8766BD91D79DE7600A4ED34 /* EtchASketch.hpp */,
				B87943C21D91AA870035B729 /* Image.cpp */,
				B87943C31D91AA870035B729 /* Image.hpp */,
				B87943C81D91ADF30035B729 /* ImageFlow.cpp */,
				B87943C91D91ADF30035B729 /* ImageFlow.hpp */,
				B8766BDE1D79FA7400A4ED34 /* KDTree.cpp */,
				B8766BDF1D79FA7400A4ED34 /* KDTree.hpp */,
				B8766BE11D79FB8600A4ED34 /* KDPoint.cpp */,
				B8766BE21D79FB8600A4ED34 /* KDPoint.hpp */,
				B87943CB1D91B0CB0035B729 /* salesman */,
			);
			path = EtchASketch;
			sourceTree = "<group>";
		};
		B8766BA31D79DC9100A4ED34 /* iEAS */ = {
			isa = PBXGroup;
			children = (
				B8766BA71D79DC9100A4ED34 /* AppDelegate.h */,
				B8766BA81D79DC9100A4ED34 /* AppDelegate.m */,
				B8766BB01D79DC9100A4ED34 /* Assets.xcassets */,
				B827FE921DB1B74B007F2469 /* EASBoardViewController.xib */,
				B85A95911DFCC06E00E0F6BE /* EASDebugViewController.h */,
				B85A95921DFCC06E00E0F6BE /* EASDebugViewController.m */,
				B85A95931DFCC06E00E0F6BE /* EASDebugViewController.xib */,
				B827FE961DB1BDFE007F2469 /* EASBoardViewController.h */,
				B827FE971DB1BDFE007F2469 /* EASBoardViewController.m */,
				B827FEA41DB1BF98007F2469 /* EASScreenView.h */,
				B827FEA51DB1BF98007F2469 /* EASScreenView.m */,
				B827FE9B1DB1BF48007F2469 /* EASScreenViewController.h */,
				B827FE9C1DB1BF48007F2469 /* EASScreenViewController.m */,
				B827FE9D1DB1BF48007F2469 /* EASScreenViewController.xib */,
				B820E9001DAC6DC700135C8A /* EtchASketchWrapper */,
				B8766BB51D79DC9100A4ED34 /* Info.plist */,
				B8766BB21D79DC9100A4ED34 /* LaunchScreen.storyboard */,
				B8766BAD1D79DC9100A4ED34 /* Main.storyboard */,
				B8766BA41D79DC9100A4ED34 /* Supporting Files */,
			);
			path = iEAS;
			sourceTree = "<group>";
		};
		B8766BA41D79DC9100A4ED34 /* Supporting Files */ = {
			isa = PBXGroup;
			children = (
				B8766BA51D79DC9100A4ED34 /* main.m */,
			);
			name = "Supporting Files";
			sourceTree = "<group>";
		};
		B8766BBD1D79DC9100A4ED34 /* iEASTests */ = {
			isa = PBXGroup;
			children = (
				B8766BBE1D79DC9100A4ED34 /* iEASTests.m */,
				B8766BC01D79DC9100A4ED34 /* Info.plist */,
			);
			path = iEASTests;
			sourceTree = "<group>";
		};
		B8766BC81D79DC9100A4ED34 /* iEASUITests */ = {
			isa = PBXGroup;
			children = (
				B8766BC91D79DC9100A4ED34 /* iEASUITests.m */,
				B8766BCB1D79DC9100A4ED34 /* Info.plist */,
			);
			path = iEASUITests;
			sourceTree = "<group>";
		};
		B8766C071D79FF4300A4ED34 /* EtchASketchTests */ = {
			isa = PBXGroup;
			children = (
				B8766C081D79FF4300A4ED34 /* EtchASketchTests.mm */,
				B8766C0A1D79FF4300A4ED34 /* Info.plist */,
				B8B211641DAC895A009814B8 /* KDTreeTests.mm */,
			);
			path = EtchASketchTests;
			sourceTree = "<group>";
		};
		B87943C11D91AA4E0035B729 /* edgedetect */ = {
			isa = PBXGroup;
			children = (
				B85A959A1DFCCB6800E0F6BE /* BlurImageFilter.cpp */,
				B85A959B1DFCCB6800E0F6BE /* BlurImageFilter.hpp */,
				B87943C61D91AB400035B729 /* EdgeDetector.hpp */,
				B8643B2E1D920D0B00B93D84 /* SobelEdgeDetector.cpp */,
				B8643B2F1D920D0B00B93D84 /* SobelEdgeDetector.hpp */,
				B85A95971DFCC9E300E0F6BE /* ImageFilter.hpp */,
			);
			name = edgedetect;
			sourceTree = "<group>";
		};
		B87943CB1D91B0CB0035B729 /* salesman */ = {
			isa = PBXGroup;
			children = (
				B87943CC1D91B0F30035B729 /* Salesman.cpp */,
				B87943CD1D91B0F30035B729 /* Salesman.hpp */,
				B8A313961DFE420600AD6B54 /* SmallishSpanningTreeWalkSalesman.cpp */,
				B8A313971DFE420600AD6B54 /* SmallishSpanningTreeWalkSalesman.hpp */,
			);
			name = salesman;
			sourceTree = "<group>";
		};
/* End PBXGroup section */

/* Begin PBXNativeTarget section */
		B8766B911D79DC3E00A4ED34 /* EtchASketch */ = {
			isa = PBXNativeTarget;
			buildConfigurationList = B8766B9B1D79DC3E00A4ED34 /* Build configuration list for PBXNativeTarget "EtchASketch" */;
			buildPhases = (
				B8766B8E1D79DC3E00A4ED34 /* Sources */,
				B8766B8F1D79DC3E00A4ED34 /* Frameworks */,
				B8766B901D79DC3E00A4ED34 /* CopyFiles */,
			);
			buildRules = (
			);
			dependencies = (
			);
			name = EtchASketch;
			productName = EtchASketch;
			productReference = B8766B921D79DC3E00A4ED34 /* libEtchASketch.a */;
			productType = "com.apple.product-type.library.static";
		};
		B8766BA11D79DC9100A4ED34 /* iEAS */ = {
			isa = PBXNativeTarget;
			buildConfigurationList = B8766BCC1D79DC9100A4ED34 /* Build configuration list for PBXNativeTarget "iEAS" */;
			buildPhases = (
				B8766B9E1D79DC9100A4ED34 /* Sources */,
				B8766B9F1D79DC9100A4ED34 /* Frameworks */,
				B8766BA01D79DC9100A4ED34 /* Resources */,
			);
			buildRules = (
			);
			dependencies = (
				B8FA804E1DB3229100123AB6 /* PBXTargetDependency */,
			);
			name = iEAS;
			productName = iEAS;
			productReference = B8766BA21D79DC9100A4ED34 /* iEAS.app */;
			productType = "com.apple.product-type.application";
		};
		B8766BB91D79DC9100A4ED34 /* iEASTests */ = {
			isa = PBXNativeTarget;
			buildConfigurationList = B8766BCF1D79DC9100A4ED34 /* Build configuration list for PBXNativeTarget "iEASTests" */;
			buildPhases = (
				B8766BB61D79DC9100A4ED34 /* Sources */,
				B8766BB71D79DC9100A4ED34 /* Frameworks */,
				B8766BB81D79DC9100A4ED34 /* Resources */,
			);
			buildRules = (
			);
			dependencies = (
				B8766BBC1D79DC9100A4ED34 /* PBXTargetDependency */,
			);
			name = iEASTests;
			productName = iEASTests;
			productReference = B8766BBA1D79DC9100A4ED34 /* iEASTests.xctest */;
			productType = "com.apple.product-type.bundle.unit-test";
		};
		B8766BC41D79DC9100A4ED34 /* iEASUITests */ = {
			isa = PBXNativeTarget;
			buildConfigurationList = B8766BD21D79DC9100A4ED34 /* Build configuration list for PBXNativeTarget "iEASUITests" */;
			buildPhases = (
				B8766BC11D79DC9100A4ED34 /* Sources */,
				B8766BC21D79DC9100A4ED34 /* Frameworks */,
				B8766BC31D79DC9100A4ED34 /* Resources */,
			);
			buildRules = (
			);
			dependencies = (
				B8766BC71D79DC9100A4ED34 /* PBXTargetDependency */,
			);
			name = iEASUITests;
			productName = iEASUITests;
			productReference = B8766BC51D79DC9100A4ED34 /* iEASUITests.xctest */;
			productType = "com.apple.product-type.bundle.ui-testing";
		};
		B8766C051D79FF4300A4ED34 /* EtchASketchTests */ = {
			isa = PBXNativeTarget;
			buildConfigurationList = B8766C0E1D79FF4300A4ED34 /* Build configuration list for PBXNativeTarget "EtchASketchTests" */;
			buildPhases = (
				B8766C021D79FF4300A4ED34 /* Sources */,
				B8766C031D79FF4300A4ED34 /* Frameworks */,
				B8766C041D79FF4300A4ED34 /* Resources */,
			);
			buildRules = (
			);
			dependencies = (
				B8FA804C1DB3223F00123AB6 /* PBXTargetDependency */,
			);
			name = EtchASketchTests;
			productName = EtchASketchTests;
			productReference = B8766C061D79FF4300A4ED34 /* EtchASketchTests.xctest */;
			productType = "com.apple.product-type.bundle.unit-test";
		};
/* End PBXNativeTarget section */

/* Begin PBXProject section */
		B8766B8A1D79DC3E00A4ED34 /* Project object */ = {
			isa = PBXProject;
			attributes = {
				CLASSPREFIX = EAS;
				LastUpgradeCheck = 0800;
				ORGANIZATIONNAME = "Justin Loew";
				TargetAttributes = {
					B8766B911D79DC3E00A4ED34 = {
						CreatedOnToolsVersion = 7.3.1;
					};
					B8766BA11D79DC9100A4ED34 = {
						CreatedOnToolsVersion = 7.3.1;
						DevelopmentTeam = VM5XXWMN9Y;
					};
					B8766BB91D79DC9100A4ED34 = {
						CreatedOnToolsVersion = 7.3.1;
						TestTargetID = B8766BA11D79DC9100A4ED34;
					};
					B8766BC41D79DC9100A4ED34 = {
						CreatedOnToolsVersion = 7.3.1;
						TestTargetID = B8766BA11D79DC9100A4ED34;
					};
					B8766C051D79FF4300A4ED34 = {
						CreatedOnToolsVersion = 7.3.1;
						DevelopmentTeam = VM5XXWMN9Y;
					};
				};
			};
			buildConfigurationList = B8766B8D1D79DC3E00A4ED34 /* Build configuration list for PBXProject "EtchASketch" */;
			compatibilityVersion = "Xcode 3.2";
			developmentRegion = English;
			hasScannedForEncodings = 0;
			knownRegions = (
				en,
				Base,
			);
			mainGroup = B8766B891D79DC3E00A4ED34;
			productRefGroup = B8766B931D79DC3E00A4ED34 /* Products */;
			projectDirPath = "";
			projectRoot = "";
			targets = (
				B8766B911D79DC3E00A4ED34 /* EtchASketch */,
				B8766BA11D79DC9100A4ED34 /* iEAS */,
				B8766C051D79FF4300A4ED34 /* EtchASketchTests */,
				B8766BB91D79DC9100A4ED34 /* iEASTests */,
				B8766BC41D79DC9100A4ED34 /* iEASUITests */,
			);
		};
/* End PBXProject section */

/* Begin PBXResourcesBuildPhase section */
		B8766BA01D79DC9100A4ED34 /* Resources */ = {
			isa = PBXResourcesBuildPhase;
			buildActionMask = 2147483647;
			files = (
				B827FEA11DB1BF48007F2469 /* EASScreenViewController.xib in Resources */,
				B8766BB41D79DC9100A4ED34 /* LaunchScreen.storyboard in Resources */,
				B827FE931DB1B74B007F2469 /* EASBoardViewController.xib in Resources */,
				B8766BB11D79DC9100A4ED34 /* Assets.xcassets in Resources */,
				B85A95951DFCC06E00E0F6BE /* EASDebugViewController.xib in Resources */,
				B8766BAF1D79DC9100A4ED34 /* Main.storyboard in Resources */,
			);
			runOnlyForDeploymentPostprocessing = 0;
		};
		B8766BB81D79DC9100A4ED34 /* Resources */ = {
			isa = PBXResourcesBuildPhase;
			buildActionMask = 2147483647;
			files = (
				B827FEA21DB1BF48007F2469 /* EASScreenViewController.xib in Resources */,
				B827FE941DB1B74B007F2469 /* EASBoardViewController.xib in Resources */,
			);
			runOnlyForDeploymentPostprocessing = 0;
		};
		B8766BC31D79DC9100A4ED34 /* Resources */ = {
			isa = PBXResourcesBuildPhase;
			buildActionMask = 2147483647;
			files = (
				B827FEA31DB1BF48007F2469 /* EASScreenViewController.xib in Resources */,
				B827FE951DB1B74B007F2469 /* EASBoardViewController.xib in Resources */,
			);
			runOnlyForDeploymentPostprocessing = 0;
		};
		B8766C041D79FF4300A4ED34 /* Resources */ = {
			isa = PBXResourcesBuildPhase;
			buildActionMask = 2147483647;
			files = (
			);
			runOnlyForDeploymentPostprocessing = 0;
		};
/* End PBXResourcesBuildPhase section */

/* Begin PBXSourcesBuildPhase section */
		B8766B8E1D79DC3E00A4ED34 /* Sources */ = {
			isa = PBXSourcesBuildPhase;
			buildActionMask = 2147483647;
			files = (
				B872DD901DB06C30008E08D8 /* KDPoint.hpp in Sources */,
				B872DD8F1DB06C2D008E08D8 /* KDTree.hpp in Sources */,
				B87943CE1D91B0F30035B729 /* Salesman.cpp in Sources */,
				B8643B301D920D0B00B93D84 /* SobelEdgeDetector.cpp in Sources */,
				B8766BDA1D79DE7600A4ED34 /* EtchASketch.cpp in Sources */,
				B8766BDD1D79EE4600A4ED34 /* EASUtils.cpp in Sources */,
				B85A959C1DFCCB6800E0F6BE /* BlurImageFilter.cpp in Sources */,
				B87943C41D91AA870035B729 /* Image.cpp in Sources */,
				B87943CA1D91ADF30035B729 /* ImageFlow.cpp in Sources */,
				B8A313981DFE420600AD6B54 /* SmallishSpanningTreeWalkSalesman.cpp in Sources */,
			);
			runOnlyForDeploymentPostprocessing = 0;
		};
		B8766B9E1D79DC9100A4ED34 /* Sources */ = {
			isa = PBXSourcesBuildPhase;
			buildActionMask = 2147483647;
			files = (
				B827FE9E1DB1BF48007F2469 /* EASScreenViewController.m in Sources */,
				B827FE981DB1BDFE007F2469 /* EASBoardViewController.m in Sources */,
				B85A95941DFCC06E00E0F6BE /* EASDebugViewController.m in Sources */,
				B8766BA91D79DC9100A4ED34 /* AppDelegate.m in Sources */,
				B8766BA61D79DC9100A4ED34 /* main.m in Sources */,
				B827FE8F1DB1B27F007F2469 /* EASImageFlow.mm in Sources */,
				B820E9051DAC6E2200135C8A /* EASImage.mm in Sources */,
				B827FEA61DB1BF98007F2469 /* EASScreenView.m in Sources */,
			);
			runOnlyForDeploymentPostprocessing = 0;
		};
		B8766BB61D79DC9100A4ED34 /* Sources */ = {
			isa = PBXSourcesBuildPhase;
			buildActionMask = 2147483647;
			files = (
				B8766BBF1D79DC9100A4ED34 /* iEASTests.m in Sources */,
			);
			runOnlyForDeploymentPostprocessing = 0;
		};
		B8766BC11D79DC9100A4ED34 /* Sources */ = {
			isa = PBXSourcesBuildPhase;
			buildActionMask = 2147483647;
			files = (
				B827FEA01DB1BF48007F2469 /* EASScreenViewController.m in Sources */,
				B8FA80441DB31E4400123AB6 /* ImageFlow.cpp in Sources */,
				B8FA803F1DB31E3800123AB6 /* EtchASketch.cpp in Sources */,
				B8766BCA1D79DC9100A4ED34 /* iEASUITests.m in Sources */,
				B8FA803E1DB31E3200123AB6 /* SobelEdgeDetector.cpp in Sources */,
				B827FEA81DB1BF98007F2469 /* EASScreenView.m in Sources */,
				B8FA80381DB31D0000123AB6 /* EASImage.mm in Sources */,
				B827FE9A1DB1BDFE007F2469 /* EASBoardViewController.m in Sources */,
				B8FA80481DB31E5000123AB6 /* KDPoint.hpp in Sources */,
				B8FA804A1DB31E5500123AB6 /* Salesman.cpp in Sources */,
				B8FA80421DB31E3F00123AB6 /* Image.cpp in Sources */,
				B8FA803A1DB31D0400123AB6 /* EASImageFlow.mm in Sources */,
				B8FA80461DB31E4B00123AB6 /* KDTree.hpp in Sources */,
				B8FA803B1DB31E2500123AB6 /* EASUtils.cpp in Sources */,
			);
			runOnlyForDeploymentPostprocessing = 0;
		};
		B8766C021D79FF4300A4ED34 /* Sources */ = {
			isa = PBXSourcesBuildPhase;
			buildActionMask = 2147483647;
			files = (
				B85A959D1DFCCB6800E0F6BE /* BlurImageFilter.cpp in Sources */,
				B8B211651DAC895A009814B8 /* KDTreeTests.mm in Sources */,
				B8766C091D79FF4300A4ED34 /* EtchASketchTests.mm in Sources */,
			);
			runOnlyForDeploymentPostprocessing = 0;
		};
/* End PBXSourcesBuildPhase section */

/* Begin PBXTargetDependency section */
		B8766BBC1D79DC9100A4ED34 /* PBXTargetDependency */ = {
			isa = PBXTargetDependency;
			target = B8766BA11D79DC9100A4ED34 /* iEAS */;
			targetProxy = B8766BBB1D79DC9100A4ED34 /* PBXContainerItemProxy */;
		};
		B8766BC71D79DC9100A4ED34 /* PBXTargetDependency */ = {
			isa = PBXTargetDependency;
			target = B8766BA11D79DC9100A4ED34 /* iEAS */;
			targetProxy = B8766BC61D79DC9100A4ED34 /* PBXContainerItemProxy */;
		};
		B8FA804C1DB3223F00123AB6 /* PBXTargetDependency */ = {
			isa = PBXTargetDependency;
			target = B8766B911D79DC3E00A4ED34 /* EtchASketch */;
			targetProxy = B8FA804B1DB3223F00123AB6 /* PBXContainerItemProxy */;
		};
		B8FA804E1DB3229100123AB6 /* PBXTargetDependency */ = {
			isa = PBXTargetDependency;
			target = B8766B911D79DC3E00A4ED34 /* EtchASketch */;
			targetProxy = B8FA804D1DB3229100123AB6 /* PBXContainerItemProxy */;
		};
/* End PBXTargetDependency section */

/* Begin PBXVariantGroup section */
		B8766BAD1D79DC9100A4ED34 /* Main.storyboard */ = {
			isa = PBXVariantGroup;
			children = (
				B8766BAE1D79DC9100A4ED34 /* Base */,
			);
			name = Main.storyboard;
			sourceTree = "<group>";
		};
		B8766BB21D79DC9100A4ED34 /* LaunchScreen.storyboard */ = {
			isa = PBXVariantGroup;
			children = (
				B8766BB31D79DC9100A4ED34 /* Base */,
			);
			name = LaunchScreen.storyboard;
			sourceTree = "<group>";
		};
/* End PBXVariantGroup section */

/* Begin XCBuildConfiguration section */
		B8766B991D79DC3E00A4ED34 /* Debug */ = {
			isa = XCBuildConfiguration;
			buildSettings = {
				ALWAYS_SEARCH_USER_PATHS = NO;
				CLANG_ANALYZER_NONNULL = YES;
				CLANG_CXX_LANGUAGE_STANDARD = "gnu++0x";
				CLANG_CXX_LIBRARY = "libc++";
				CLANG_ENABLE_MODULES = YES;
				CLANG_ENABLE_OBJC_ARC = YES;
				CLANG_WARN_BOOL_CONVERSION = YES;
				CLANG_WARN_CONSTANT_CONVERSION = YES;
				CLANG_WARN_CXX0X_EXTENSIONS = YES;
				CLANG_WARN_DIRECT_OBJC_ISA_USAGE = YES_ERROR;
				CLANG_WARN_EMPTY_BODY = YES;
				CLANG_WARN_ENUM_CONVERSION = YES;
				CLANG_WARN_INFINITE_RECURSION = YES;
				CLANG_WARN_INT_CONVERSION = YES;
				CLANG_WARN_OBJC_ROOT_CLASS = YES_ERROR;
				CLANG_WARN_SUSPICIOUS_MOVE = YES;
				CLANG_WARN_UNREACHABLE_CODE = YES;
				CLANG_WARN__DUPLICATE_METHOD_MATCH = YES;
				"CODE_SIGN_IDENTITY[sdk=iphoneos*]" = "iPhone Developer";
				COPY_PHASE_STRIP = NO;
				DEBUG_INFORMATION_FORMAT = dwarf;
				ENABLE_STRICT_OBJC_MSGSEND = YES;
				ENABLE_TESTABILITY = YES;
				GCC_C_LANGUAGE_STANDARD = gnu99;
				GCC_DYNAMIC_NO_PIC = NO;
				GCC_NO_COMMON_BLOCKS = YES;
				GCC_OPTIMIZATION_LEVEL = 0;
				GCC_PREPROCESSOR_DEFINITIONS = (
					"DEBUG=1",
					"$(inherited)",
				);
				GCC_WARN_64_TO_32_BIT_CONVERSION = YES;
				GCC_WARN_ABOUT_RETURN_TYPE = YES_ERROR;
				GCC_WARN_UNDECLARED_SELECTOR = YES;
				GCC_WARN_UNINITIALIZED_AUTOS = YES_AGGRESSIVE;
				GCC_WARN_UNUSED_FUNCTION = YES;
				GCC_WARN_UNUSED_VARIABLE = YES;
				IPHONEOS_DEPLOYMENT_TARGET = 9.0;
				MTL_ENABLE_DEBUG_INFO = YES;
				ONLY_ACTIVE_ARCH = YES;
				SDKROOT = iphoneos;
			};
			name = Debug;
		};
		B8766B9A1D79DC3E00A4ED34 /* Release */ = {
			isa = XCBuildConfiguration;
			buildSettings = {
				ALWAYS_SEARCH_USER_PATHS = NO;
				CLANG_ANALYZER_NONNULL = YES;
				CLANG_CXX_LANGUAGE_STANDARD = "gnu++0x";
				CLANG_CXX_LIBRARY = "libc++";
				CLANG_ENABLE_MODULES = YES;
				CLANG_ENABLE_OBJC_ARC = YES;
				CLANG_WARN_BOOL_CONVERSION = YES;
				CLANG_WARN_CONSTANT_CONVERSION = YES;
				CLANG_WARN_CXX0X_EXTENSIONS = YES;
				CLANG_WARN_DIRECT_OBJC_ISA_USAGE = YES_ERROR;
				CLANG_WARN_EMPTY_BODY = YES;
				CLANG_WARN_ENUM_CONVERSION = YES;
				CLANG_WARN_INFINITE_RECURSION = YES;
				CLANG_WARN_INT_CONVERSION = YES;
				CLANG_WARN_OBJC_ROOT_CLASS = YES_ERROR;
				CLANG_WARN_SUSPICIOUS_MOVE = YES;
				CLANG_WARN_UNREACHABLE_CODE = YES;
				CLANG_WARN__DUPLICATE_METHOD_MATCH = YES;
				"CODE_SIGN_IDENTITY[sdk=iphoneos*]" = "iPhone Developer";
				COPY_PHASE_STRIP = NO;
				DEBUG_INFORMATION_FORMAT = "dwarf-with-dsym";
				ENABLE_NS_ASSERTIONS = NO;
				ENABLE_STRICT_OBJC_MSGSEND = YES;
				GCC_C_LANGUAGE_STANDARD = gnu99;
				GCC_NO_COMMON_BLOCKS = YES;
				GCC_WARN_64_TO_32_BIT_CONVERSION = YES;
				GCC_WARN_ABOUT_RETURN_TYPE = YES_ERROR;
				GCC_WARN_UNDECLARED_SELECTOR = YES;
				GCC_WARN_UNINITIALIZED_AUTOS = YES_AGGRESSIVE;
				GCC_WARN_UNUSED_FUNCTION = YES;
				GCC_WARN_UNUSED_VARIABLE = YES;
				IPHONEOS_DEPLOYMENT_TARGET = 9.0;
				MTL_ENABLE_DEBUG_INFO = NO;
				SDKROOT = iphoneos;
				VALIDATE_PRODUCT = YES;
			};
			name = Release;
		};
		B8766B9C1D79DC3E00A4ED34 /* Debug */ = {
			isa = XCBuildConfiguration;
			buildSettings = {
				ALWAYS_SEARCH_USER_PATHS = YES;
				CLANG_CXX_LANGUAGE_STANDARD = "gnu++0x";
				CLANG_WARN_ASSIGN_ENUM = YES;
				CLANG_WARN_CXX0X_EXTENSIONS = YES;
				CLANG_WARN_DOCUMENTATION_COMMENTS = NO;
				CLANG_WARN_SUSPICIOUS_IMPLICIT_CONVERSION = YES;
				GCC_OPTIMIZATION_LEVEL = 0;
				GCC_WARN_ABOUT_MISSING_FIELD_INITIALIZERS = YES;
				GCC_WARN_INITIALIZER_NOT_FULLY_BRACKETED = YES;
				HEADER_SEARCH_PATHS = /usr/local/Cellar/boost/1.62.0/include;
				LIBRARY_SEARCH_PATHS = "";
				OTHER_LDFLAGS = "-ObjC";
				PRODUCT_NAME = "$(TARGET_NAME)";
				SKIP_INSTALL = YES;
			};
			name = Debug;
		};
		B8766B9D1D79DC3E00A4ED34 /* Release */ = {
			isa = XCBuildConfiguration;
			buildSettings = {
				ALWAYS_SEARCH_USER_PATHS = YES;
				CLANG_CXX_LANGUAGE_STANDARD = "gnu++0x";
				CLANG_WARN_ASSIGN_ENUM = YES;
				CLANG_WARN_CXX0X_EXTENSIONS = YES;
				CLANG_WARN_DOCUMENTATION_COMMENTS = NO;
				CLANG_WARN_SUSPICIOUS_IMPLICIT_CONVERSION = YES;
				GCC_WARN_ABOUT_MISSING_FIELD_INITIALIZERS = YES;
				GCC_WARN_INITIALIZER_NOT_FULLY_BRACKETED = YES;
				HEADER_SEARCH_PATHS = /usr/local/Cellar/boost/1.62.0/include;
				LIBRARY_SEARCH_PATHS = "";
				OTHER_LDFLAGS = "-ObjC";
				PRODUCT_NAME = "$(TARGET_NAME)";
				SKIP_INSTALL = YES;
			};
			name = Release;
		};
		B8766BCD1D79DC9100A4ED34 /* Debug */ = {
			isa = XCBuildConfiguration;
			buildSettings = {
				ASSETCATALOG_COMPILER_APPICON_NAME = AppIcon;
				CLANG_ADDRESS_SANITIZER_CONTAINER_OVERFLOW = YES;
				CLANG_ANALYZER_SECURITY_FLOATLOOPCOUNTER = YES;
				CLANG_WARN_ASSIGN_ENUM = YES;
				CLANG_WARN_DEPRECATED_OBJC_IMPLEMENTATIONS = YES;
				CLANG_WARN_DOCUMENTATION_COMMENTS = YES;
				CLANG_WARN_OBJC_IMPLICIT_ATOMIC_PROPERTIES = YES;
				CLANG_WARN_OBJC_IMPLICIT_RETAIN_SELF = YES;
				CLANG_WARN_SUSPICIOUS_IMPLICIT_CONVERSION = YES;
				CLANG_WARN_UNREACHABLE_CODE = YES_AGGRESSIVE;
				DEVELOPMENT_TEAM = VM5XXWMN9Y;
				GCC_UNROLL_LOOPS = YES;
				GCC_WARN_ABOUT_MISSING_FIELD_INITIALIZERS = YES;
				GCC_WARN_ABOUT_MISSING_NEWLINE = YES;
				GCC_WARN_ABOUT_MISSING_PROTOTYPES = YES;
				GCC_WARN_FOUR_CHARACTER_CONSTANTS = YES;
				GCC_WARN_HIDDEN_VIRTUAL_FUNCTIONS = YES;
				GCC_WARN_NON_VIRTUAL_DESTRUCTOR = YES;
				GCC_WARN_PEDANTIC = NO;
				GCC_WARN_STRICT_SELECTOR_MATCH = YES;
				GCC_WARN_UNUSED_LABEL = YES;
				GCC_WARN_UNUSED_PARAMETER = YES;
				INFOPLIST_FILE = iEAS/Info.plist;
				IPHONEOS_DEPLOYMENT_TARGET = 9.0;
				LD_RUNPATH_SEARCH_PATHS = "$(inherited) @executable_path/Frameworks";
				PRODUCT_BUNDLE_IDENTIFIER = com.justinloew.iEAS;
				PRODUCT_NAME = "$(TARGET_NAME)";
				TARGETED_DEVICE_FAMILY = "1,2";
				VERSIONING_SYSTEM = "apple-generic";
			};
			name = Debug;
		};
		B8766BCE1D79DC9100A4ED34 /* Release */ = {
			isa = XCBuildConfiguration;
			buildSettings = {
				ASSETCATALOG_COMPILER_APPICON_NAME = AppIcon;
				CLANG_ADDRESS_SANITIZER_CONTAINER_OVERFLOW = YES;
				CLANG_ANALYZER_SECURITY_FLOATLOOPCOUNTER = YES;
				CLANG_WARN_ASSIGN_ENUM = YES;
				CLANG_WARN_DEPRECATED_OBJC_IMPLEMENTATIONS = YES;
				CLANG_WARN_DOCUMENTATION_COMMENTS = YES;
				CLANG_WARN_OBJC_IMPLICIT_ATOMIC_PROPERTIES = YES;
				CLANG_WARN_OBJC_IMPLICIT_RETAIN_SELF = YES;
				CLANG_WARN_SUSPICIOUS_IMPLICIT_CONVERSION = YES;
				CLANG_WARN_UNREACHABLE_CODE = YES_AGGRESSIVE;
				DEVELOPMENT_TEAM = VM5XXWMN9Y;
				GCC_OPTIMIZATION_LEVEL = fast;
				GCC_UNROLL_LOOPS = YES;
				GCC_WARN_ABOUT_MISSING_FIELD_INITIALIZERS = YES;
				GCC_WARN_ABOUT_MISSING_NEWLINE = YES;
				GCC_WARN_ABOUT_MISSING_PROTOTYPES = YES;
				GCC_WARN_FOUR_CHARACTER_CONSTANTS = YES;
				GCC_WARN_HIDDEN_VIRTUAL_FUNCTIONS = YES;
				GCC_WARN_NON_VIRTUAL_DESTRUCTOR = YES;
				GCC_WARN_PEDANTIC = NO;
				GCC_WARN_STRICT_SELECTOR_MATCH = YES;
				GCC_WARN_UNUSED_LABEL = YES;
				GCC_WARN_UNUSED_PARAMETER = YES;
				INFOPLIST_FILE = iEAS/Info.plist;
				IPHONEOS_DEPLOYMENT_TARGET = 9.0;
				LD_RUNPATH_SEARCH_PATHS = "$(inherited) @executable_path/Frameworks";
				LLVM_LTO = YES;
				PRODUCT_BUNDLE_IDENTIFIER = com.justinloew.iEAS;
				PRODUCT_NAME = "$(TARGET_NAME)";
				TARGETED_DEVICE_FAMILY = "1,2";
				VERSIONING_SYSTEM = "apple-generic";
			};
			name = Release;
		};
		B8766BD01D79DC9100A4ED34 /* Debug */ = {
			isa = XCBuildConfiguration;
			buildSettings = {
				BUNDLE_LOADER = "$(TEST_HOST)";
				INFOPLIST_FILE = iEASTests/Info.plist;
				LD_RUNPATH_SEARCH_PATHS = "$(inherited) @executable_path/Frameworks @loader_path/Frameworks";
				PRODUCT_BUNDLE_IDENTIFIER = com.justinloew.iEASTests;
				PRODUCT_NAME = "$(TARGET_NAME)";
				TEST_HOST = "$(BUILT_PRODUCTS_DIR)/iEAS.app/iEAS";
			};
			name = Debug;
		};
		B8766BD11D79DC9100A4ED34 /* Release */ = {
			isa = XCBuildConfiguration;
			buildSettings = {
				BUNDLE_LOADER = "$(TEST_HOST)";
				INFOPLIST_FILE = iEASTests/Info.plist;
				LD_RUNPATH_SEARCH_PATHS = "$(inherited) @executable_path/Frameworks @loader_path/Frameworks";
				PRODUCT_BUNDLE_IDENTIFIER = com.justinloew.iEASTests;
				PRODUCT_NAME = "$(TARGET_NAME)";
				TEST_HOST = "$(BUILT_PRODUCTS_DIR)/iEAS.app/iEAS";
			};
			name = Release;
		};
		B8766BD31D79DC9100A4ED34 /* Debug */ = {
			isa = XCBuildConfiguration;
			buildSettings = {
				INFOPLIST_FILE = iEASUITests/Info.plist;
				LD_RUNPATH_SEARCH_PATHS = "$(inherited) @executable_path/Frameworks @loader_path/Frameworks";
				PRODUCT_BUNDLE_IDENTIFIER = com.justinloew.iEASUITests;
				PRODUCT_NAME = "$(TARGET_NAME)";
				TEST_TARGET_NAME = iEAS;
			};
			name = Debug;
		};
		B8766BD41D79DC9100A4ED34 /* Release */ = {
			isa = XCBuildConfiguration;
			buildSettings = {
				INFOPLIST_FILE = iEASUITests/Info.plist;
				LD_RUNPATH_SEARCH_PATHS = "$(inherited) @executable_path/Frameworks @loader_path/Frameworks";
				PRODUCT_BUNDLE_IDENTIFIER = com.justinloew.iEASUITests;
				PRODUCT_NAME = "$(TARGET_NAME)";
				TEST_TARGET_NAME = iEAS;
			};
			name = Release;
		};
		B8766C0F1D79FF4300A4ED34 /* Debug */ = {
			isa = XCBuildConfiguration;
			buildSettings = {
				CLANG_CXX_LANGUAGE_STANDARD = "c++0x";
				CLANG_CXX_LIBRARY = "libc++";
				DEAD_CODE_STRIPPING = YES;
				DEVELOPMENT_TEAM = VM5XXWMN9Y;
				INFOPLIST_FILE = EtchASketchTests/Info.plist;
				LD_RUNPATH_SEARCH_PATHS = "$(inherited) @executable_path/Frameworks @loader_path/Frameworks";
				PRODUCT_BUNDLE_IDENTIFIER = com.justinloew.EtchASketchTests;
				PRODUCT_NAME = "$(TARGET_NAME)";
			};
			name = Debug;
		};
		B8766C101D79FF4300A4ED34 /* Release */ = {
			isa = XCBuildConfiguration;
			buildSettings = {
				CLANG_CXX_LANGUAGE_STANDARD = "c++0x";
				CLANG_CXX_LIBRARY = "libc++";
				DEAD_CODE_STRIPPING = YES;
				DEVELOPMENT_TEAM = VM5XXWMN9Y;
				INFOPLIST_FILE = EtchASketchTests/Info.plist;
				LD_RUNPATH_SEARCH_PATHS = "$(inherited) @executable_path/Frameworks @loader_path/Frameworks";
				PRODUCT_BUNDLE_IDENTIFIER = com.justinloew.EtchASketchTests;
				PRODUCT_NAME = "$(TARGET_NAME)";
			};
			name = Release;
		};
/* End XCBuildConfiguration section */

/* Begin XCConfigurationList section */
		B8766B8D1D79DC3E00A4ED34 /* Build configuration list for PBXProject "EtchASketch" */ = {
			isa = XCConfigurationList;
			buildConfigurations = (
				B8766B991D79DC3E00A4ED34 /* Debug */,
				B8766B9A1D79DC3E00A4ED34 /* Release */,
			);
			defaultConfigurationIsVisible = 0;
			defaultConfigurationName = Release;
		};
		B8766B9B1D79DC3E00A4ED34 /* Build configuration list for PBXNativeTarget "EtchASketch" */ = {
			isa = XCConfigurationList;
			buildConfigurations = (
				B8766B9C1D79DC3E00A4ED34 /* Debug */,
				B8766B9D1D79DC3E00A4ED34 /* Release */,
			);
			defaultConfigurationIsVisible = 0;
			defaultConfigurationName = Release;
		};
		B8766BCC1D79DC9100A4ED34 /* Build configuration list for PBXNativeTarget "iEAS" */ = {
			isa = XCConfigurationList;
			buildConfigurations = (
				B8766BCD1D79DC9100A4ED34 /* Debug */,
				B8766BCE1D79DC9100A4ED34 /* Release */,
			);
			defaultConfigurationIsVisible = 0;
			defaultConfigurationName = Release;
		};
		B8766BCF1D79DC9100A4ED34 /* Build configuration list for PBXNativeTarget "iEASTests" */ = {
			isa = XCConfigurationList;
			buildConfigurations = (
				B8766BD01D79DC9100A4ED34 /* Debug */,
				B8766BD11D79DC9100A4ED34 /* Release */,
			);
			defaultConfigurationIsVisible = 0;
			defaultConfigurationName = Release;
		};
		B8766BD21D79DC9100A4ED34 /* Build configuration list for PBXNativeTarget "iEASUITests" */ = {
			isa = XCConfigurationList;
			buildConfigurations = (
				B8766BD31D79DC9100A4ED34 /* Debug */,
				B8766BD41D79DC9100A4ED34 /* Release */,
			);
			defaultConfigurationIsVisible = 0;
			defaultConfigurationName = Release;
		};
		B8766C0E1D79FF4300A4ED34 /* Build configuration list for PBXNativeTarget "EtchASketchTests" */ = {
			isa = XCConfigurationList;
			buildConfigurations = (
				B8766C0F1D79FF4300A4ED34 /* Debug */,
				B8766C101D79FF4300A4ED34 /* Release */,
			);
			defaultConfigurationIsVisible = 0;
			defaultConfigurationName = Release;
		};
/* End XCConfigurationList section */
	};
	rootObject = B8766B8A1D79DC3E00A4ED34 /* Project object */;
}
